
Microsoft Visual Studio Solution File, Format Version 12.00
# Visual Studio Version 16
VisualStudioVersion = 16.0.30011.22
MinimumVisualStudioVersion = 10.0.40219.1
Project("{2150E333-8FDC-42A3-9474-1A3956D46DE8}") = "Presentation", "Presentation", "{A4A676F5-E090-4DE5-8C80-855D9879DDEC}"
EndProject
Project("{2150E333-8FDC-42A3-9474-1A3956D46DE8}") = "Application", "Application", "{76BD56D1-3202-4F15-AED9-74838A190628}"
EndProject
Project("{2150E333-8FDC-42A3-9474-1A3956D46DE8}") = "Domain", "Domain", "{A442EB1E-4540-4B27-A2CE-77E5EDD4791C}"
EndProject
Project("{2150E333-8FDC-42A3-9474-1A3956D46DE8}") = "Infrastructure", "Infrastructure", "{66EE3992-A459-4ECC-A54C-B3789977CE98}"
EndProject
Project("{2150E333-8FDC-42A3-9474-1A3956D46DE8}") = "Crosscutting", "Crosscutting", "{8701770B-E5E5-498B-A6D4-1B4DF8693791}"
EndProject
Project("{9A19103F-16F7-4668-BE54-9A1E7A4F7556}") = "Client.Api", "src\Client.Api\Client.Api.csproj", "{79134527-18ED-4F28-8566-F8C29F1BDAFB}"
EndProject
Project("{9A19103F-16F7-4668-BE54-9A1E7A4F7556}") = "Client.Infrastructure", "src\Client.Infrastructure\Client.Infrastructure.csproj", "{23779AEF-3CD0-44D1-A948-7F880C1D3959}"
EndProject
Project("{9A19103F-16F7-4668-BE54-9A1E7A4F7556}") = "Client.Domain", "src\Client.Domain\Client.Domain.csproj", "{D546567A-21A6-4956-9A6F-94BED1406922}"
EndProject
Project("{9A19103F-16F7-4668-BE54-9A1E7A4F7556}") = "Client.Crosscutting", "src\Client.Crosscutting\Client.Crosscutting.csproj", "{361579DF-1D6C-4DB8-B329-7B72254B0FC0}"
EndProject
Project("{9A19103F-16F7-4668-BE54-9A1E7A4F7556}") = "Client.Application", "src\Client.Application\Client.Application.csproj", "{9C8088C8-E37B-454A-A3C1-8CE41DD0A2CB}"
EndProject
Global
	GlobalSection(SolutionConfigurationPlatforms) = preSolution
		Debug|Any CPU = Debug|Any CPU
		Release|Any CPU = Release|Any CPU
	EndGlobalSection
	GlobalSection(ProjectConfigurationPlatforms) = postSolution
		{79134527-18ED-4F28-8566-F8C29F1BDAFB}.Debug|Any CPU.ActiveCfg = Debug|Any CPU
		{79134527-18ED-4F28-8566-F8C29F1BDAFB}.Debug|Any CPU.Build.0 = Debug|Any CPU
		{79134527-18ED-4F28-8566-F8C29F1BDAFB}.Release|Any CPU.ActiveCfg = Release|Any CPU
		{79134527-18ED-4F28-8566-F8C29F1BDAFB}.Release|Any CPU.Build.0 = Release|Any CPU
		{23779AEF-3CD0-44D1-A948-7F880C1D3959}.Debug|Any CPU.ActiveCfg = Debug|Any CPU
		{23779AEF-3CD0-44D1-A948-7F880C1D3959}.Debug|Any CPU.Build.0 = Debug|Any CPU
		{23779AEF-3CD0-44D1-A948-7F880C1D3959}.Release|Any CPU.ActiveCfg = Release|Any CPU
		{23779AEF-3CD0-44D1-A948-7F880C1D3959}.Release|Any CPU.Build.0 = Release|Any CPU
		{D546567A-21A6-4956-9A6F-94BED1406922}.Debug|Any CPU.ActiveCfg = Debug|Any CPU
		{D546567A-21A6-4956-9A6F-94BED1406922}.Debug|Any CPU.Build.0 = Debug|Any CPU
		{D546567A-21A6-4956-9A6F-94BED1406922}.Release|Any CPU.ActiveCfg = Release|Any CPU
		{D546567A-21A6-4956-9A6F-94BED1406922}.Release|Any CPU.Build.0 = Release|Any CPU
		{361579DF-1D6C-4DB8-B329-7B72254B0FC0}.Debug|Any CPU.ActiveCfg = Debug|Any CPU
		{361579DF-1D6C-4DB8-B329-7B72254B0FC0}.Debug|Any CPU.Build.0 = Debug|Any CPU
		{361579DF-1D6C-4DB8-B329-7B72254B0FC0}.Release|Any CPU.ActiveCfg = Release|Any CPU
		{361579DF-1D6C-4DB8-B329-7B72254B0FC0}.Release|Any CPU.Build.0 = Release|Any CPU
		{9C8088C8-E37B-454A-A3C1-8CE41DD0A2CB}.Debug|Any CPU.ActiveCfg = Debug|Any CPU
		{9C8088C8-E37B-454A-A3C1-8CE41DD0A2CB}.Debug|Any CPU.Build.0 = Debug|Any CPU
		{9C8088C8-E37B-454A-A3C1-8CE41DD0A2CB}.Release|Any CPU.ActiveCfg = Release|Any CPU
		{9C8088C8-E37B-454A-A3C1-8CE41DD0A2CB}.Release|Any CPU.Build.0 = Release|Any CPU
	EndGlobalSection
	GlobalSection(SolutionProperties) = preSolution
		HideSolutionNode = FALSE
	EndGlobalSection
	GlobalSection(NestedProjects) = preSolution
		{79134527-18ED-4F28-8566-F8C29F1BDAFB} = {A4A676F5-E090-4DE5-8C80-855D9879DDEC}
		{23779AEF-3CD0-44D1-A948-7F880C1D3959} = {66EE3992-A459-4ECC-A54C-B3789977CE98}
		{D546567A-21A6-4956-9A6F-94BED1406922} = {A442EB1E-4540-4B27-A2CE-77E5EDD4791C}
		{361579DF-1D6C-4DB8-B329-7B72254B0FC0} = {8701770B-E5E5-498B-A6D4-1B4DF8693791}
		{9C8088C8-E37B-454A-A3C1-8CE41DD0A2CB} = {76BD56D1-3202-4F15-AED9-74838A190628}
	EndGlobalSection
	GlobalSection(ExtensibilityGlobals) = postSolution
		SolutionGuid = {51145C34-47E3-45E7-8566-6A2FABF57511}
	EndGlobalSection
EndGlobal
